{
  "name": "rogues-among-the-stars",
  "version": "0.0.1",
  "lockfileVersion": 1,
  "requires": true,
  "dependencies": {
    "roguelike-fonts": {
      "version": "github:rocket-boots/roguelike-fonts#a3c242ce4a1aa256c728fb16f25b68c93cc22889",
      "from": "github:rocket-boots/roguelike-fonts"
    }
  }
}
